
Microsoft Visual Studio Solution File, Format Version 12.00
# Visual Studio Version 17
VisualStudioVersion = 17.5.33516.290
MinimumVisualStudioVersion = 10.0.40219.1
Project("{FAE04EC0-301F-11D3-BF4B-00C04F79EFBC}") = "CrudApplication1", "CrudApplication1.csproj", "{58AFF376-FA01-4438-8E56-7D250C3D5A55}"
EndProject
Global
	GlobalSection(SolutionConfigurationPlatforms) = preSolution
		Debug|Any CPU = Debug|Any CPU
		Release|Any CPU = Release|Any CPU
	EndGlobalSection
	GlobalSection(ProjectConfigurationPlatforms) = postSolution
		{58AFF376-FA01-4438-8E56-7D250C3D5A55}.Debug|Any CPU.ActiveCfg = Debug|Any CPU
		{58AFF376-FA01-4438-8E56-7D250C3D5A55}.Debug|Any CPU.Build.0 = Debug|Any CPU
		{58AFF376-FA01-4438-8E56-7D250C3D5A55}.Release|Any CPU.ActiveCfg = Release|Any CPU
		{58AFF376-FA01-4438-8E56-7D250C3D5A55}.Release|Any CPU.Build.0 = Release|Any CPU
	EndGlobalSection
	GlobalSection(SolutionProperties) = preSolution
		HideSolutionNode = FALSE
	EndGlobalSection
	GlobalSection(ExtensibilityGlobals) = postSolution
		SolutionGuid = {0EF3B4F5-D6AC-4B69-89A9-4935DEC7042B}
	EndGlobalSection
EndGlobal
